
Microsoft Visual Studio Solution File, Format Version 12.00
# Visual Studio Version 16
VisualStudioVersion = 16.0.32126.315
MinimumVisualStudioVersion = 10.0.40219.1
Project("{9A19103F-16F7-4668-BE54-9A1E7A4F7556}") = "01. Count Real Numbers", "01. Count Real Numbers\01. Count Real Numbers.csproj", "{C3183BC9-2EF5-4742-8F93-7D221858579F}"
EndProject
Project("{9A19103F-16F7-4668-BE54-9A1E7A4F7556}") = "03. Word Synonyms", "03. Word Synonyms\03. Word Synonyms.csproj", "{C7A86811-9A05-41BC-8225-67D6FD846787}"
EndProject
Project("{FAE04EC0-301F-11D3-BF4B-00C04F79EFBC}") = "04. Word Filter", "04. Word Filter\04. Word Filter.csproj", "{2EE3A1A8-B2EE-4384-9BF5-1540AF8754F3}"
EndProject
Project("{FAE04EC0-301F-11D3-BF4B-00C04F79EFBC}") = "02. Odd Occurrences", "02. Odd Occurrences\02. Odd Occurrences.csproj", "{60BA6AFF-3943-43B4-AAB5-88C3E7E9A29C}"
EndProject
Global
	GlobalSection(SolutionConfigurationPlatforms) = preSolution
		Debug|Any CPU = Debug|Any CPU
		Release|Any CPU = Release|Any CPU
	EndGlobalSection
	GlobalSection(ProjectConfigurationPlatforms) = postSolution
		{C3183BC9-2EF5-4742-8F93-7D221858579F}.Debug|Any CPU.ActiveCfg = Debug|Any CPU
		{C3183BC9-2EF5-4742-8F93-7D221858579F}.Debug|Any CPU.Build.0 = Debug|Any CPU
		{C3183BC9-2EF5-4742-8F93-7D221858579F}.Release|Any CPU.ActiveCfg = Release|Any CPU
		{C3183BC9-2EF5-4742-8F93-7D221858579F}.Release|Any CPU.Build.0 = Release|Any CPU
		{C7A86811-9A05-41BC-8225-67D6FD846787}.Debug|Any CPU.ActiveCfg = Debug|Any CPU
		{C7A86811-9A05-41BC-8225-67D6FD846787}.Debug|Any CPU.Build.0 = Debug|Any CPU
		{C7A86811-9A05-41BC-8225-67D6FD846787}.Release|Any CPU.ActiveCfg = Release|Any CPU
		{C7A86811-9A05-41BC-8225-67D6FD846787}.Release|Any CPU.Build.0 = Release|Any CPU
		{2EE3A1A8-B2EE-4384-9BF5-1540AF8754F3}.Debug|Any CPU.ActiveCfg = Debug|Any CPU
		{2EE3A1A8-B2EE-4384-9BF5-1540AF8754F3}.Debug|Any CPU.Build.0 = Debug|Any CPU
		{2EE3A1A8-B2EE-4384-9BF5-1540AF8754F3}.Release|Any CPU.ActiveCfg = Release|Any CPU
		{2EE3A1A8-B2EE-4384-9BF5-1540AF8754F3}.Release|Any CPU.Build.0 = Release|Any CPU
		{60BA6AFF-3943-43B4-AAB5-88C3E7E9A29C}.Debug|Any CPU.ActiveCfg = Debug|Any CPU
		{60BA6AFF-3943-43B4-AAB5-88C3E7E9A29C}.Debug|Any CPU.Build.0 = Debug|Any CPU
		{60BA6AFF-3943-43B4-AAB5-88C3E7E9A29C}.Release|Any CPU.ActiveCfg = Release|Any CPU
		{60BA6AFF-3943-43B4-AAB5-88C3E7E9A29C}.Release|Any CPU.Build.0 = Release|Any CPU
	EndGlobalSection
	GlobalSection(SolutionProperties) = preSolution
		HideSolutionNode = FALSE
	EndGlobalSection
	GlobalSection(ExtensibilityGlobals) = postSolution
		SolutionGuid = {97BA68BC-60B6-4274-8C68-77F6F5E1DE24}
	EndGlobalSection
EndGlobal
